
Microsoft Visual Studio Solution File, Format Version 12.00
# Visual Studio 2012
Project("{8BC9CEB8-8B4A-11D0-8D11-00A0C91BC942}") = "List", "List\List.vcxproj", "{47B0AEA1-A06F-471C-916C-5823D04F264D}"
EndProject
Global
	GlobalSection(SolutionConfigurationPlatforms) = preSolution
		Debug|Win32 = Debug|Win32
		Release|Win32 = Release|Win32
	EndGlobalSection
	GlobalSection(ProjectConfigurationPlatforms) = postSolution
		{47B0AEA1-A06F-471C-916C-5823D04F264D}.Debug|Win32.ActiveCfg = Debug|Win32
		{47B0AEA1-A06F-471C-916C-5823D04F264D}.Debug|Win32.Build.0 = Debug|Win32
		{47B0AEA1-A06F-471C-916C-5823D04F264D}.Release|Win32.ActiveCfg = Release|Win32
		{47B0AEA1-A06F-471C-916C-5823D04F264D}.Release|Win32.Build.0 = Release|Win32
	EndGlobalSection
	GlobalSection(SolutionProperties) = preSolution
		HideSolutionNode = FALSE
	EndGlobalSection
EndGlobal
